PODS:
  - Masonry (1.1.0)
  - MBProgressHUD (0.5)
  - RDVTabBarController (1.2.0)

DEPENDENCIES:
  - Masonry (from `https://github.com/SnapKit/Masonry.git`)
  - MBProgressHUD (= 0.5)
  - RDVTabBarController

SPEC REPOS:
  https://github.com/cocoapods/specs.git:
    - MBProgressHUD
    - RDVTabBarController

EXTERNAL SOURCES:
  Masonry:
    :git: https://github.com/SnapKit/Masonry.git

CHECKOUT OPTIONS:
  Masonry:
    :commit: 8bd77ea92bbe995e14c454f821200b222e5a8804
    :git: https://github.com/SnapKit/Masonry.git

SPEC CHECKSUMS:
  Masonry: 678fab65091a9290e40e2832a55e7ab731aad201
  MBProgressHUD: e34019ff264dbf1953f500570d97fca0b741b3c6
  RDVTabBarController: b6d63a7fc49b00568ba07255c6171edc737ad833

PODFILE CHECKSUM: 61441165de8aa8d78051b0689d635385766af338

COCOAPODS: 1.5.3
