PODS:
  - Masonry (1.1.0)
  - MBProgressHUD (0.5)

DEPENDENCIES:
  - Masonry (from `https://github.com/SnapKit/Masonry.git`)
  - MBProgressHUD (= 0.5)

SPEC REPOS:
  https://github.com/cocoapods/specs.git:
    - MBProgressHUD

EXTERNAL SOURCES:
  Masonry:
    :git: https://github.com/SnapKit/Masonry.git

CHECKOUT OPTIONS:
  Masonry:
    :commit: 8bd77ea92bbe995e14c454f821200b222e5a8804
    :git: https://github.com/SnapKit/Masonry.git

SPEC CHECKSUMS:
  Masonry: 678fab65091a9290e40e2832a55e7ab731aad201
  MBProgressHUD: e34019ff264dbf1953f500570d97fca0b741b3c6

PODFILE CHECKSUM: a4eec5fe79b2bb2c672f4c5c7d3e9601d6cad727

COCOAPODS: 1.5.3
